# THIS IS AN AUTOGENERATED FILE. DO NOT EDIT THIS FILE DIRECTLY.
# yarn lockfile v1


first-chunk@^0.0.1:
  version "0.0.1"
  resolved "https://registry.yarnpkg.com/first-chunk/-/first-chunk-0.0.1.tgz#d6b6723ef94dbeb7e1cc5fa02c2ffae656840abb"

iconv-lite@^0.4.18:
  version "0.4.18"
  resolved "https://registry.yarnpkg.com/iconv-lite/-/iconv-lite-0.4.18.tgz#23d8656b16aae6742ac29732ea8f0336a4789cf2"

jschardet@^1.4.2:
  version "1.4.2"
  resolved "https://registry.yarnpkg.com/jschardet/-/jschardet-1.4.2.tgz#2aa107f142af4121d145659d44f50830961e699a"
